# @generated - this file is auto-generated by `mise lock` https://mise.jdx.dev/dev-tools/mise-lock.html

lockfile_version = 1

[[tools.bun]]
version = "1.4.2"
backend = "core:bun"
specifiers = ["latest"]

[tools.bun."platforms.linux-x64"]
checksum = "sha256:36368faef7527875d5ffa52e53cd48021741f2a83eb6208a8dd64068d422a913"
url = "https://github.com/oven-sh/bun/releases/download/bun-v1.4.2/bun-linux-x64.zip"

[tools.bun."platforms.linux-x64-baseline"]
checksum = "sha256:c678040f14fe0440eb839d37cbd0ce4c051a32da72806ac97de6a6aab6bf728f"
url = "https://github.com/oven-sh/bun/releases/download/bun-v1.4.2/bun-linux-x64-baseline.zip"

[tools.bun."platforms.linux-x64-musl"]
checksum = "sha256:4835eca59d6da70f4674f5642f6e459dcadab773695b2ed9922d131057989742"
url = "https://github.com/oven-sh/bun/releases/download/bun-v1.4.2/bun-linux-x64-musl.zip"

[tools.bun."platforms.linux-x64-musl-baseline"]
checksum = "sha256:76e1db84e98f22f78de0a87e309bfbbf297732847f9720db36750646c85c8c18"
url = "https://github.com/oven-sh/bun/releases/download/bun-v1.4.2/bun-linux-x64-musl-baseline.zip"

[tools.bun."platforms.macos-arm64"]
checksum = "sha256:90987a3a16d7db556d886ac3d551e7b6d3edf0a1cf43acaed622e8676be1d12f"
url = "https://github.com/oven-sh/bun/releases/download/bun-v1.4.2/bun-darwin-aarch64.zip"

[tools.bun."platforms.macos-x64"]
checksum = "sha256:80520d7e17526308c9185d261679ac6d27798d3803a0e9f7ff9121ab8affb012"
url = "https://github.com/oven-sh/bun/releases/download/bun-v1.4.2/bun-darwin-x64.zip"

[tools.bun."platforms.macos-x64-baseline"]
checksum = "sha256:bad5bbd6cf14d0980d115f5954c9ff904df619d5e994d2da1ffccd3f316300b0"
url = "https://github.com/oven-sh/bun/releases/download/bun-v1.4.2/bun-darwin-x64-baseline.zip"

[[tools.java]]
version = "26.0.2.1"
backend = "core:java"
specifiers = ["26"]

[tools.java.options]
shorthand_vendor = "openjdk"

[tools.java."platforms.linux-x64"]
checksum = "sha256:a1489256029b389ce6ee52da0de1d01496c5df1776d6870241fe4823b998ea61"
url = "https://download.java.net/java/GA/jdk26.0.2.1/3b8e6c7ec6274148a7aa15e7e7dfb53c/1/GPL/openjdk-26.0.2.1_linux-x64_bin.tar.gz"

[tools.java."platforms.macos-arm64"]
checksum = "sha256:3a61f9bbfbf2e09308aa4b1a5c044fcbc82f6ba49e074be49a7b7911e1f00efd"
url = "https://download.java.net/java/GA/jdk26.0.2.1/3b8e6c7ec6274148a7aa15e7e7dfb53c/1/GPL/openjdk-26.0.2.1_macos-aarch64_bin.tar.gz"

[tools.java."platforms.macos-x64"]
checksum = "sha256:5ec3817530ffa1c38f15a55609a2767335bbd0c59ea8ce41aad68d3cd620c0ae"
url = "https://download.java.net/java/GA/jdk26.0.2.1/3b8e6c7ec6274148a7aa15e7e7dfb53c/1/GPL/openjdk-26.0.2.1_macos-x64_bin.tar.gz"

[[tools.node]]
version = "26.8.2"
backend = "core:node"
specifiers = ["26"]

[tools.node."platforms.linux-x64"]
checksum = "sha256:badb3fe6a61b85e1352ca6564dc56b8b7bd5ecd5c474c52acc21dd0cdd586f35"
url = "https://nodejs.org/dist/v26.8.2/node-v26.8.2-linux-x64.tar.gz"

[tools.node."platforms.macos-arm64"]
checksum = "sha256:974b6d5fb2fc7c33ff2354db0902b4e91c2de01ec8acc6de48e543c97e18c9e1"
url = "https://nodejs.org/dist/v26.8.2/node-v26.8.2-darwin-arm64.tar.gz"

[tools.node."platforms.macos-x64"]
checksum = "sha256:adb8feb2d4987df3d72d2ec46f4fc4b58039c859b8c3f0e3cc2d3c6cbaf8629c"
url = "https://nodejs.org/dist/v26.8.2/node-v26.8.2-darwin-x64.tar.gz"

[[tools.python]]
version = "3.14.7"
backend = "core:python"
specifiers = ["3.14"]

[tools.python."platforms.linux-x64"]
checksum = "sha256:a0f39e822fd3b96a2605f30f954acf9a2cdf91faa1385a13e24bc407a41e05ea"
url = "https://github.com/astral-sh/python-build-standalone/releases/download/20260825/cpython-3.14.7+20260825-x86_64-unknown-linux-gnu-install_only_stripped.tar.gz"
provenance = "github-attestations"

[tools.python."platforms.macos-arm64"]
checksum = "sha256:17ecb3d29c49765856370cbb47d948a24ec518be40f607362c1bbb3ebbc5c442"
url = "https://github.com/astral-sh/python-build-standalone/releases/download/20260825/cpython-3.14.7+20260825-aarch64-apple-darwin-install_only_stripped.tar.gz"
provenance = "github-attestations"

[tools.python."platforms.macos-x64"]
checksum = "sha256:1b1e977f6d4fb887c7fa662a8e33f18dfdc9b9cdfaf5cdb003f13b3317947848"
url = "https://github.com/astral-sh/python-build-standalone/releases/download/20260825/cpython-3.14.7+20260825-x86_64-apple-darwin-install_only_stripped.tar.gz"
provenance = "github-attestations"

[[tools.uv]]
version = "0.12.13"
backend = "aqua:astral-sh/uv"
specifiers = ["latest"]

[tools.uv."platforms.linux-x64"]
checksum = "sha256:745765a3b6e360ad76743599ae5c42e9278c7edf8bbff9fc76d05bf2623a04dd"
url = "https://github.com/astral-sh/uv/releases/download/0.12.13/uv-x86_64-unknown-linux-gnu.tar.gz"
url_api = "https://api.github.com/repos/astral-sh/uv/releases/assets/555670375"
provenance = "github-attestations"

[tools.uv."platforms.macos-arm64"]
checksum = "sha256:7e6ddb9316acc00f2296c82ff4d99977870ee34b2f0ddcae9444d714db9364ed"
url = "https://github.com/astral-sh/uv/releases/download/0.12.13/uv-aarch64-apple-darwin.tar.gz"
url_api = "https://api.github.com/repos/astral-sh/uv/releases/assets/555670160"
provenance = "github-attestations"

[tools.uv."platforms.macos-x64"]
checksum = "sha256:5e287ef61cb6a9b61b3a83fef124fd143e400468a7dac794230147a810e17119"
url = "https://github.com/astral-sh/uv/releases/download/0.12.13/uv-x86_64-apple-darwin.tar.gz"
url_api = "https://api.github.com/repos/astral-sh/uv/releases/assets/555670348"
provenance = "github-attestations"
